<?xml version="1.0" encoding="utf-8"?>
<Project ToolsVersion="4.0" xmlns="http://schemas.microsoft.com/developer/msbuild/2003">
  <ItemGroup>
    <Filter Include="Source Files">
      <UniqueIdentifier>{4FC737F1-C7A5-4376-A066-2A32D752A2FF}</UniqueIdentifier>
      <Extensions>cpp;c;cc;cxx;def;odl;idl;hpj;bat;asm;asmx</Extensions>
    </Filter>
    <Filter Include="Header Files">
      <UniqueIdentifier>{93995380-89BD-4b04-88EB-625FBE52EBFB}</UniqueIdentifier>
      <Extensions>h;hh;hpp;hxx;hm;inl;inc;xsd</Extensions>
    </Filter>
    <Filter Include="Resource Files">
      <UniqueIdentifier>{67DA6AB6-F800-4c08-8B7A-83BB121AAD01}</UniqueIdentifier>
      <Extensions>rc;ico;cur;bmp;dlg;rc2;rct;bin;rgs;gif;jpg;jpeg;jpe;resx;tiff;tif;png;wav;mfcribbon-ms</Extensions>
    </Filter>
    <Filter Include="Source Files\crypto">
      <UniqueIdentifier>{1c1441e8-5d71-49bc-94d0-79cc41defc7b}</UniqueIdentifier>
    </Filter>
    <Filter Include="Header Files\crypto">
      <UniqueIdentifier>{799f7c1f-dee4-4afe-968c-cd991549b707}</UniqueIdentifier>
    </Filter>
  </ItemGroup>
  <ItemGroup>
    <Text Include="ReadMe.txt" />
  </ItemGroup>
  <ItemGroup>
    <ClInclude Include="stdafx.h">
      <Filter>Header Files</Filter>
    </ClInclude>
    <ClInclude Include="targetver.h">
      <Filter>Header Files</Filter>
    </ClInclude>
    <ClInclude Include="crypto\aes256.h">
      <Filter>Header Files\crypto</Filter>
    </ClInclude>
    <ClInclude Include="crypto\curve25519.h">
      <Filter>Header Files\crypto</Filter>
    </ClInclude>
    <ClInclude Include="crypto\ed25519.h">
      <Filter>Header Files\crypto</Filter>
    </ClInclude>
    <ClInclude Include="crypto\sha256.h">
      <Filter>Header Files\crypto</Filter>
    </ClInclude>
    <ClInclude Include="EtwLogger.h">
      <Filter>Header Files</Filter>
    </ClInclude>
    <ClInclude Include="log_file.h">
      <Filter>Header Files</Filter>
    </ClInclude>
    <ClInclude Include="ssh_auth.h">
      <Filter>Header Files</Filter>
    </ClInclude>
    <ClInclude Include="ssh_channel.h">
      <Filter>Header Files</Filter>
    </ClInclude>
    <ClInclude Include="ssh_client.h">
      <Filter>Header Files</Filter>
    </ClInclude>
    <ClInclude Include="ssh_kex.h">
      <Filter>Header Files</Filter>
    </ClInclude>
    <ClInclude Include="ssh_transport.h">
      <Filter>Header Files</Filter>
    </ClInclude>
    <ClInclude Include="Win32Api.h">
      <Filter>Header Files</Filter>
    </ClInclude>
  </ItemGroup>
  <ItemGroup>
    <ClCompile Include="stdafx.cpp">
      <Filter>Source Files</Filter>
    </ClCompile>
    <ClCompile Include="wp81daylimit.cpp">
      <Filter>Source Files</Filter>
    </ClCompile>
    <ClCompile Include="crypto\aes256.cpp">
      <Filter>Source Files\crypto</Filter>
    </ClCompile>
    <ClCompile Include="crypto\curve25519.cpp">
      <Filter>Source Files\crypto</Filter>
    </ClCompile>
    <ClCompile Include="crypto\ed25519.cpp">
      <Filter>Source Files\crypto</Filter>
    </ClCompile>
    <ClCompile Include="crypto\sha256.cpp">
      <Filter>Source Files\crypto</Filter>
    </ClCompile>
    <ClCompile Include="EtwLogger.cpp">
      <Filter>Source Files</Filter>
    </ClCompile>
    <ClCompile Include="log_file.cpp">
      <Filter>Source Files</Filter>
    </ClCompile>
    <ClCompile Include="ssh_auth.cpp">
      <Filter>Source Files</Filter>
    </ClCompile>
    <ClCompile Include="ssh_channel.cpp">
      <Filter>Source Files</Filter>
    </ClCompile>
    <ClCompile Include="ssh_kex.cpp">
      <Filter>Source Files</Filter>
    </ClCompile>
    <ClCompile Include="ssh_transport.cpp">
      <Filter>Source Files</Filter>
    </ClCompile>
  </ItemGroup>
</Project>